
Microsoft Visual Studio Solution File, Format Version 12.00
# Visual Studio Version 16
VisualStudioVersion = 16.0.30517.126
MinimumVisualStudioVersion = 10.0.40219.1
Project("{8BC9CEB8-8B4A-11D0-8D11-00A0C91BC942}") = "homework", "homework.vcxproj", "{B24D9337-7859-4898-85F9-84FD2D32CF0A}"
EndProject
Project("{8BC9CEB8-8B4A-11D0-8D11-00A0C91BC942}") = "homework_reference", "..\homework_reference\homework_reference.vcxproj", "{CC4F75D9-AA23-4E2A-B35E-C94B2F1B062B}"
EndProject
Project("{8BC9CEB8-8B4A-11D0-8D11-00A0C91BC942}") = "homework3", "..\homework3\homework3.vcxproj", "{19846B51-4CFB-4209-AF71-FC7CFA325E11}"
EndProject
Project("{8BC9CEB8-8B4A-11D0-8D11-00A0C91BC942}") = "homework4", "..\homework4\homework4.vcxproj", "{883BE125-3C93-4FEE-83A0-AA9D0E88FFD6}"
EndProject
Project("{8BC9CEB8-8B4A-11D0-8D11-00A0C91BC942}") = "poker game", "..\poker game\poker game.vcxproj", "{0AC93870-6337-4D0F-90AD-FE44F0F0A224}"
EndProject
Project("{8BC9CEB8-8B4A-11D0-8D11-00A0C91BC942}") = "poker_game_refer", "..\poker_game_refer\poker_game_refer.vcxproj", "{F386C181-5095-4136-B243-E3ABC6578ED6}"
EndProject
Project("{8BC9CEB8-8B4A-11D0-8D11-00A0C91BC942}") = "一元多项式", "..\一元多项式\一元多项式.vcxproj", "{BDC949A8-3C2C-4D05-AD15-52F9B07882D7}"
EndProject
Project("{8BC9CEB8-8B4A-11D0-8D11-00A0C91BC942}") = "pa1", "..\pa1\pa1.vcxproj", "{1BD7E097-2D86-40E5-BB10-549722EA856E}"
EndProject
Project("{8BC9CEB8-8B4A-11D0-8D11-00A0C91BC942}") = "test", "..\test\test.vcxproj", "{73ABEEF0-C33C-407A-AA7B-CAF90B9C7721}"
EndProject
Project("{8BC9CEB8-8B4A-11D0-8D11-00A0C91BC942}") = "pa2", "..\pa2\pa2.vcxproj", "{B1372286-06C1-4108-9A31-346870CB44CB}"
EndProject
Project("{8BC9CEB8-8B4A-11D0-8D11-00A0C91BC942}") = "2-1", "..\2-1\2-1.vcxproj", "{71FDD99D-8988-41B5-8822-A4C738DE7F6A}"
EndProject
Project("{8BC9CEB8-8B4A-11D0-8D11-00A0C91BC942}") = "2-2", "..\2-2\2-2.vcxproj", "{6AA1D07F-FC5D-401A-8517-8B6374EB3FFC}"
EndProject
Project("{8BC9CEB8-8B4A-11D0-8D11-00A0C91BC942}") = "2-3", "..\2-3\2-3.vcxproj", "{DBFD4636-3B78-4624-BB2D-AF200C774865}"
EndProject
Project("{8BC9CEB8-8B4A-11D0-8D11-00A0C91BC942}") = "xzk动态内存申请参考代码", "..\xzk动态内存申请参考代码\xzk动态内存申请参考代码.vcxproj", "{8C7E20D3-DE40-4991-A530-1081763C57FA}"
EndProject
Project("{8BC9CEB8-8B4A-11D0-8D11-00A0C91BC942}") = "2-4", "..\2-4\2-4.vcxproj", "{5820380B-F3F5-4DD9-A63B-C5492139A561}"
EndProject
Project("{8BC9CEB8-8B4A-11D0-8D11-00A0C91BC942}") = "2-5-错误思路", "..\2-5\2-5.vcxproj", "{0C0438AE-846B-4B51-907B-50A22605E9B9}"
EndProject
Project("{8BC9CEB8-8B4A-11D0-8D11-00A0C91BC942}") = "pa3", "..\pa3\pa3.vcxproj", "{70A0B6AF-93E7-4FF9-9C9C-2FACC8E64415}"
EndProject
Project("{8BC9CEB8-8B4A-11D0-8D11-00A0C91BC942}") = "3-1", "..\3-1\3-1.vcxproj", "{BBA4C01E-7563-4CFD-AF85-9375827436AD}"
EndProject
Project("{8BC9CEB8-8B4A-11D0-8D11-00A0C91BC942}") = "3-3", "..\3-3\3-3.vcxproj", "{EF6F4FFC-FEED-413E-82B9-5F12202B3787}"
EndProject
Project("{8BC9CEB8-8B4A-11D0-8D11-00A0C91BC942}") = "3-2", "..\3-2\3-2.vcxproj", "{D44C551B-7B3C-4FC6-8CAD-F2DE574F0432}"
EndProject
Project("{8BC9CEB8-8B4A-11D0-8D11-00A0C91BC942}") = "3-4", "..\4-4.cpp\4-4.cpp.vcxproj", "{0968A9F5-BDF5-424D-BFC9-B0F2DE3A1122}"
EndProject
Global
	GlobalSection(SolutionConfigurationPlatforms) = preSolution
		Debug|x64 = Debug|x64
		Debug|x86 = Debug|x86
		Release|x64 = Release|x64
		Release|x86 = Release|x86
	EndGlobalSection
	GlobalSection(ProjectConfigurationPlatforms) = postSolution
		{B24D9337-7859-4898-85F9-84FD2D32CF0A}.Debug|x64.ActiveCfg = Debug|x64
		{B24D9337-7859-4898-85F9-84FD2D32CF0A}.Debug|x64.Build.0 = Debug|x64
		{B24D9337-7859-4898-85F9-84FD2D32CF0A}.Debug|x86.ActiveCfg = Debug|Win32
		{B24D9337-7859-4898-85F9-84FD2D32CF0A}.Debug|x86.Build.0 = Debug|Win32
		{B24D9337-7859-4898-85F9-84FD2D32CF0A}.Release|x64.ActiveCfg = Release|x64
		{B24D9337-7859-4898-85F9-84FD2D32CF0A}.Release|x64.Build.0 = Release|x64
		{B24D9337-7859-4898-85F9-84FD2D32CF0A}.Release|x86.ActiveCfg = Release|Win32
		{B24D9337-7859-4898-85F9-84FD2D32CF0A}.Release|x86.Build.0 = Release|Win32
		{CC4F75D9-AA23-4E2A-B35E-C94B2F1B062B}.Debug|x64.ActiveCfg = Debug|x64
		{CC4F75D9-AA23-4E2A-B35E-C94B2F1B062B}.Debug|x64.Build.0 = Debug|x64
		{CC4F75D9-AA23-4E2A-B35E-C94B2F1B062B}.Debug|x86.ActiveCfg = Debug|Win32
		{CC4F75D9-AA23-4E2A-B35E-C94B2F1B062B}.Debug|x86.Build.0 = Debug|Win32
		{CC4F75D9-AA23-4E2A-B35E-C94B2F1B062B}.Release|x64.ActiveCfg = Release|x64
		{CC4F75D9-AA23-4E2A-B35E-C94B2F1B062B}.Release|x64.Build.0 = Release|x64
		{CC4F75D9-AA23-4E2A-B35E-C94B2F1B062B}.Release|x86.ActiveCfg = Release|Win32
		{CC4F75D9-AA23-4E2A-B35E-C94B2F1B062B}.Release|x86.Build.0 = Release|Win32
		{19846B51-4CFB-4209-AF71-FC7CFA325E11}.Debug|x64.ActiveCfg = Debug|x64
		{19846B51-4CFB-4209-AF71-FC7CFA325E11}.Debug|x64.Build.0 = Debug|x64
		{19846B51-4CFB-4209-AF71-FC7CFA325E11}.Debug|x86.ActiveCfg = Debug|Win32
		{19846B51-4CFB-4209-AF71-FC7CFA325E11}.Debug|x86.Build.0 = Debug|Win32
		{19846B51-4CFB-4209-AF71-FC7CFA325E11}.Release|x64.ActiveCfg = Release|x64
		{19846B51-4CFB-4209-AF71-FC7CFA325E11}.Release|x64.Build.0 = Release|x64
		{19846B51-4CFB-4209-AF71-FC7CFA325E11}.Release|x86.ActiveCfg = Release|Win32
		{19846B51-4CFB-4209-AF71-FC7CFA325E11}.Release|x86.Build.0 = Release|Win32
		{883BE125-3C93-4FEE-83A0-AA9D0E88FFD6}.Debug|x64.ActiveCfg = Debug|x64
		{883BE125-3C93-4FEE-83A0-AA9D0E88FFD6}.Debug|x64.Build.0 = Debug|x64
		{883BE125-3C93-4FEE-83A0-AA9D0E88FFD6}.Debug|x86.ActiveCfg = Debug|Win32
		{883BE125-3C93-4FEE-83A0-AA9D0E88FFD6}.Debug|x86.Build.0 = Debug|Win32
		{883BE125-3C93-4FEE-83A0-AA9D0E88FFD6}.Release|x64.ActiveCfg = Release|x64
		{883BE125-3C93-4FEE-83A0-AA9D0E88FFD6}.Release|x64.Build.0 = Release|x64
		{883BE125-3C93-4FEE-83A0-AA9D0E88FFD6}.Release|x86.ActiveCfg = Release|Win32
		{883BE125-3C93-4FEE-83A0-AA9D0E88FFD6}.Release|x86.Build.0 = Release|Win32
		{0AC93870-6337-4D0F-90AD-FE44F0F0A224}.Debug|x64.ActiveCfg = Debug|x64
		{0AC93870-6337-4D0F-90AD-FE44F0F0A224}.Debug|x64.Build.0 = Debug|x64
		{0AC93870-6337-4D0F-90AD-FE44F0F0A224}.Debug|x86.ActiveCfg = Debug|Win32
		{0AC93870-6337-4D0F-90AD-FE44F0F0A224}.Debug|x86.Build.0 = Debug|Win32
		{0AC93870-6337-4D0F-90AD-FE44F0F0A224}.Release|x64.ActiveCfg = Release|x64
		{0AC93870-6337-4D0F-90AD-FE44F0F0A224}.Release|x64.Build.0 = Release|x64
		{0AC93870-6337-4D0F-90AD-FE44F0F0A224}.Release|x86.ActiveCfg = Release|Win32
		{0AC93870-6337-4D0F-90AD-FE44F0F0A224}.Release|x86.Build.0 = Release|Win32
		{F386C181-5095-4136-B243-E3ABC6578ED6}.Debug|x64.ActiveCfg = Debug|x64
		{F386C181-5095-4136-B243-E3ABC6578ED6}.Debug|x64.Build.0 = Debug|x64
		{F386C181-5095-4136-B243-E3ABC6578ED6}.Debug|x86.ActiveCfg = Debug|Win32
		{F386C181-5095-4136-B243-E3ABC6578ED6}.Debug|x86.Build.0 = Debug|Win32
		{F386C181-5095-4136-B243-E3ABC6578ED6}.Release|x64.ActiveCfg = Release|x64
		{F386C181-5095-4136-B243-E3ABC6578ED6}.Release|x64.Build.0 = Release|x64
		{F386C181-5095-4136-B243-E3ABC6578ED6}.Release|x86.ActiveCfg = Release|Win32
		{F386C181-5095-4136-B243-E3ABC6578ED6}.Release|x86.Build.0 = Release|Win32
		{BDC949A8-3C2C-4D05-AD15-52F9B07882D7}.Debug|x64.ActiveCfg = Debug|x64
		{BDC949A8-3C2C-4D05-AD15-52F9B07882D7}.Debug|x64.Build.0 = Debug|x64
		{BDC949A8-3C2C-4D05-AD15-52F9B07882D7}.Debug|x86.ActiveCfg = Debug|Win32
		{BDC949A8-3C2C-4D05-AD15-52F9B07882D7}.Debug|x86.Build.0 = Debug|Win32
		{BDC949A8-3C2C-4D05-AD15-52F9B07882D7}.Release|x64.ActiveCfg = Release|x64
		{BDC949A8-3C2C-4D05-AD15-52F9B07882D7}.Release|x64.Build.0 = Release|x64
		{BDC949A8-3C2C-4D05-AD15-52F9B07882D7}.Release|x86.ActiveCfg = Release|Win32
		{BDC949A8-3C2C-4D05-AD15-52F9B07882D7}.Release|x86.Build.0 = Release|Win32
		{1BD7E097-2D86-40E5-BB10-549722EA856E}.Debug|x64.ActiveCfg = Debug|x64
		{1BD7E097-2D86-40E5-BB10-549722EA856E}.Debug|x64.Build.0 = Debug|x64
		{1BD7E097-2D86-40E5-BB10-549722EA856E}.Debug|x86.ActiveCfg = Debug|Win32
		{1BD7E097-2D86-40E5-BB10-549722EA856E}.Debug|x86.Build.0 = Debug|Win32
		{1BD7E097-2D86-40E5-BB10-549722EA856E}.Release|x64.ActiveCfg = Release|x64
		{1BD7E097-2D86-40E5-BB10-549722EA856E}.Release|x64.Build.0 = Release|x64
		{1BD7E097-2D86-40E5-BB10-549722EA856E}.Release|x86.ActiveCfg = Release|Win32
		{1BD7E097-2D86-40E5-BB10-549722EA856E}.Release|x86.Build.0 = Release|Win32
		{73ABEEF0-C33C-407A-AA7B-CAF90B9C7721}.Debug|x64.ActiveCfg = Debug|x64
		{73ABEEF0-C33C-407A-AA7B-CAF90B9C7721}.Debug|x64.Build.0 = Debug|x64
		{73ABEEF0-C33C-407A-AA7B-CAF90B9C7721}.Debug|x86.ActiveCfg = Debug|Win32
		{73ABEEF0-C33C-407A-AA7B-CAF90B9C7721}.Debug|x86.Build.0 = Debug|Win32
		{73ABEEF0-C33C-407A-AA7B-CAF90B9C7721}.Release|x64.ActiveCfg = Release|x64
		{73ABEEF0-C33C-407A-AA7B-CAF90B9C7721}.Release|x64.Build.0 = Release|x64
		{73ABEEF0-C33C-407A-AA7B-CAF90B9C7721}.Release|x86.ActiveCfg = Release|Win32
		{73ABEEF0-C33C-407A-AA7B-CAF90B9C7721}.Release|x86.Build.0 = Release|Win32
		{B1372286-06C1-4108-9A31-346870CB44CB}.Debug|x64.ActiveCfg = Debug|x64
		{B1372286-06C1-4108-9A31-346870CB44CB}.Debug|x64.Build.0 = Debug|x64
		{B1372286-06C1-4108-9A31-346870CB44CB}.Debug|x86.ActiveCfg = Debug|Win32
		{B1372286-06C1-4108-9A31-346870CB44CB}.Debug|x86.Build.0 = Debug|Win32
		{B1372286-06C1-4108-9A31-346870CB44CB}.Release|x64.ActiveCfg = Release|x64
		{B1372286-06C1-4108-9A31-346870CB44CB}.Release|x64.Build.0 = Release|x64
		{B1372286-06C1-4108-9A31-346870CB44CB}.Release|x86.ActiveCfg = Release|Win32
		{B1372286-06C1-4108-9A31-346870CB44CB}.Release|x86.Build.0 = Release|Win32
		{71FDD99D-8988-41B5-8822-A4C738DE7F6A}.Debug|x64.ActiveCfg = Debug|x64
		{71FDD99D-8988-41B5-8822-A4C738DE7F6A}.Debug|x64.Build.0 = Debug|x64
		{71FDD99D-8988-41B5-8822-A4C738DE7F6A}.Debug|x86.ActiveCfg = Debug|Win32
		{71FDD99D-8988-41B5-8822-A4C738DE7F6A}.Debug|x86.Build.0 = Debug|Win32
		{71FDD99D-8988-41B5-8822-A4C738DE7F6A}.Release|x64.ActiveCfg = Release|x64
		{71FDD99D-8988-41B5-8822-A4C738DE7F6A}.Release|x64.Build.0 = Release|x64
		{71FDD99D-8988-41B5-8822-A4C738DE7F6A}.Release|x86.ActiveCfg = Release|Win32
		{71FDD99D-8988-41B5-8822-A4C738DE7F6A}.Release|x86.Build.0 = Release|Win32
		{6AA1D07F-FC5D-401A-8517-8B6374EB3FFC}.Debug|x64.ActiveCfg = Debug|x64
		{6AA1D07F-FC5D-401A-8517-8B6374EB3FFC}.Debug|x64.Build.0 = Debug|x64
		{6AA1D07F-FC5D-401A-8517-8B6374EB3FFC}.Debug|x86.ActiveCfg = Debug|Win32
		{6AA1D07F-FC5D-401A-8517-8B6374EB3FFC}.Debug|x86.Build.0 = Debug|Win32
		{6AA1D07F-FC5D-401A-8517-8B6374EB3FFC}.Release|x64.ActiveCfg = Release|x64
		{6AA1D07F-FC5D-401A-8517-8B6374EB3FFC}.Release|x64.Build.0 = Release|x64
		{6AA1D07F-FC5D-401A-8517-8B6374EB3FFC}.Release|x86.ActiveCfg = Release|Win32
		{6AA1D07F-FC5D-401A-8517-8B6374EB3FFC}.Release|x86.Build.0 = Release|Win32
		{DBFD4636-3B78-4624-BB2D-AF200C774865}.Debug|x64.ActiveCfg = Debug|x64
		{DBFD4636-3B78-4624-BB2D-AF200C774865}.Debug|x64.Build.0 = Debug|x64
		{DBFD4636-3B78-4624-BB2D-AF200C774865}.Debug|x86.ActiveCfg = Debug|Win32
		{DBFD4636-3B78-4624-BB2D-AF200C774865}.Debug|x86.Build.0 = Debug|Win32
		{DBFD4636-3B78-4624-BB2D-AF200C774865}.Release|x64.ActiveCfg = Release|x64
		{DBFD4636-3B78-4624-BB2D-AF200C774865}.Release|x64.Build.0 = Release|x64
		{DBFD4636-3B78-4624-BB2D-AF200C774865}.Release|x86.ActiveCfg = Release|Win32
		{DBFD4636-3B78-4624-BB2D-AF200C774865}.Release|x86.Build.0 = Release|Win32
		{8C7E20D3-DE40-4991-A530-1081763C57FA}.Debug|x64.ActiveCfg = Debug|x64
		{8C7E20D3-DE40-4991-A530-1081763C57FA}.Debug|x64.Build.0 = Debug|x64
		{8C7E20D3-DE40-4991-A530-1081763C57FA}.Debug|x86.ActiveCfg = Debug|Win32
		{8C7E20D3-DE40-4991-A530-1081763C57FA}.Debug|x86.Build.0 = Debug|Win32
		{8C7E20D3-DE40-4991-A530-1081763C57FA}.Release|x64.ActiveCfg = Release|x64
		{8C7E20D3-DE40-4991-A530-1081763C57FA}.Release|x64.Build.0 = Release|x64
		{8C7E20D3-DE40-4991-A530-1081763C57FA}.Release|x86.ActiveCfg = Release|Win32
		{8C7E20D3-DE40-4991-A530-1081763C57FA}.Release|x86.Build.0 = Release|Win32
		{5820380B-F3F5-4DD9-A63B-C5492139A561}.Debug|x64.ActiveCfg = Debug|x64
		{5820380B-F3F5-4DD9-A63B-C5492139A561}.Debug|x64.Build.0 = Debug|x64
		{5820380B-F3F5-4DD9-A63B-C5492139A561}.Debug|x86.ActiveCfg = Debug|Win32
		{5820380B-F3F5-4DD9-A63B-C5492139A561}.Debug|x86.Build.0 = Debug|Win32
		{5820380B-F3F5-4DD9-A63B-C5492139A561}.Release|x64.ActiveCfg = Release|x64
		{5820380B-F3F5-4DD9-A63B-C5492139A561}.Release|x64.Build.0 = Release|x64
		{5820380B-F3F5-4DD9-A63B-C5492139A561}.Release|x86.ActiveCfg = Release|Win32
		{5820380B-F3F5-4DD9-A63B-C5492139A561}.Release|x86.Build.0 = Release|Win32
		{0C0438AE-846B-4B51-907B-50A22605E9B9}.Debug|x64.ActiveCfg = Debug|x64
		{0C0438AE-846B-4B51-907B-50A22605E9B9}.Debug|x64.Build.0 = Debug|x64
		{0C0438AE-846B-4B51-907B-50A22605E9B9}.Debug|x86.ActiveCfg = Debug|Win32
		{0C0438AE-846B-4B51-907B-50A22605E9B9}.Debug|x86.Build.0 = Debug|Win32
		{0C0438AE-846B-4B51-907B-50A22605E9B9}.Release|x64.ActiveCfg = Release|x64
		{0C0438AE-846B-4B51-907B-50A22605E9B9}.Release|x64.Build.0 = Release|x64
		{0C0438AE-846B-4B51-907B-50A22605E9B9}.Release|x86.ActiveCfg = Release|Win32
		{0C0438AE-846B-4B51-907B-50A22605E9B9}.Release|x86.Build.0 = Release|Win32
		{70A0B6AF-93E7-4FF9-9C9C-2FACC8E64415}.Debug|x64.ActiveCfg = Debug|x64
		{70A0B6AF-93E7-4FF9-9C9C-2FACC8E64415}.Debug|x64.Build.0 = Debug|x64
		{70A0B6AF-93E7-4FF9-9C9C-2FACC8E64415}.Debug|x86.ActiveCfg = Debug|Win32
		{70A0B6AF-93E7-4FF9-9C9C-2FACC8E64415}.Debug|x86.Build.0 = Debug|Win32
		{70A0B6AF-93E7-4FF9-9C9C-2FACC8E64415}.Release|x64.ActiveCfg = Release|x64
		{70A0B6AF-93E7-4FF9-9C9C-2FACC8E64415}.Release|x64.Build.0 = Release|x64
		{70A0B6AF-93E7-4FF9-9C9C-2FACC8E64415}.Release|x86.ActiveCfg = Release|Win32
		{70A0B6AF-93E7-4FF9-9C9C-2FACC8E64415}.Release|x86.Build.0 = Release|Win32
		{BBA4C01E-7563-4CFD-AF85-9375827436AD}.Debug|x64.ActiveCfg = Debug|x64
		{BBA4C01E-7563-4CFD-AF85-9375827436AD}.Debug|x64.Build.0 = Debug|x64
		{BBA4C01E-7563-4CFD-AF85-9375827436AD}.Debug|x86.ActiveCfg = Debug|Win32
		{BBA4C01E-7563-4CFD-AF85-9375827436AD}.Debug|x86.Build.0 = Debug|Win32
		{BBA4C01E-7563-4CFD-AF85-9375827436AD}.Release|x64.ActiveCfg = Release|x64
		{BBA4C01E-7563-4CFD-AF85-9375827436AD}.Release|x64.Build.0 = Release|x64
		{BBA4C01E-7563-4CFD-AF85-9375827436AD}.Release|x86.ActiveCfg = Release|Win32
		{BBA4C01E-7563-4CFD-AF85-9375827436AD}.Release|x86.Build.0 = Release|Win32
		{EF6F4FFC-FEED-413E-82B9-5F12202B3787}.Debug|x64.ActiveCfg = Debug|x64
		{EF6F4FFC-FEED-413E-82B9-5F12202B3787}.Debug|x64.Build.0 = Debug|x64
		{EF6F4FFC-FEED-413E-82B9-5F12202B3787}.Debug|x86.ActiveCfg = Debug|Win32
		{EF6F4FFC-FEED-413E-82B9-5F12202B3787}.Debug|x86.Build.0 = Debug|Win32
		{EF6F4FFC-FEED-413E-82B9-5F12202B3787}.Release|x64.ActiveCfg = Release|x64
		{EF6F4FFC-FEED-413E-82B9-5F12202B3787}.Release|x64.Build.0 = Release|x64
		{EF6F4FFC-FEED-413E-82B9-5F12202B3787}.Release|x86.ActiveCfg = Release|Win32
		{EF6F4FFC-FEED-413E-82B9-5F12202B3787}.Release|x86.Build.0 = Release|Win32
		{D44C551B-7B3C-4FC6-8CAD-F2DE574F0432}.Debug|x64.ActiveCfg = Debug|x64
		{D44C551B-7B3C-4FC6-8CAD-F2DE574F0432}.Debug|x64.Build.0 = Debug|x64
		{D44C551B-7B3C-4FC6-8CAD-F2DE574F0432}.Debug|x86.ActiveCfg = Debug|Win32
		{D44C551B-7B3C-4FC6-8CAD-F2DE574F0432}.Debug|x86.Build.0 = Debug|Win32
		{D44C551B-7B3C-4FC6-8CAD-F2DE574F0432}.Release|x64.ActiveCfg = Release|x64
		{D44C551B-7B3C-4FC6-8CAD-F2DE574F0432}.Release|x64.Build.0 = Release|x64
		{D44C551B-7B3C-4FC6-8CAD-F2DE574F0432}.Release|x86.ActiveCfg = Release|Win32
		{D44C551B-7B3C-4FC6-8CAD-F2DE574F0432}.Release|x86.Build.0 = Release|Win32
		{0968A9F5-BDF5-424D-BFC9-B0F2DE3A1122}.Debug|x64.ActiveCfg = Debug|x64
		{0968A9F5-BDF5-424D-BFC9-B0F2DE3A1122}.Debug|x64.Build.0 = Debug|x64
		{0968A9F5-BDF5-424D-BFC9-B0F2DE3A1122}.Debug|x86.ActiveCfg = Debug|Win32
		{0968A9F5-BDF5-424D-BFC9-B0F2DE3A1122}.Debug|x86.Build.0 = Debug|Win32
		{0968A9F5-BDF5-424D-BFC9-B0F2DE3A1122}.Release|x64.ActiveCfg = Release|x64
		{0968A9F5-BDF5-424D-BFC9-B0F2DE3A1122}.Release|x64.Build.0 = Release|x64
		{0968A9F5-BDF5-424D-BFC9-B0F2DE3A1122}.Release|x86.ActiveCfg = Release|Win32
		{0968A9F5-BDF5-424D-BFC9-B0F2DE3A1122}.Release|x86.Build.0 = Release|Win32
	EndGlobalSection
	GlobalSection(SolutionProperties) = preSolution
		HideSolutionNode = FALSE
	EndGlobalSection
	GlobalSection(ExtensibilityGlobals) = postSolution
		SolutionGuid = {12D01EB2-F7F2-4105-9BE6-3CC7F79ABCDD}
	EndGlobalSection
EndGlobal
