
Microsoft Visual Studio Solution File, Format Version 12.00
# Visual Studio Version 16
VisualStudioVersion = 16.0.30517.126
MinimumVisualStudioVersion = 10.0.40219.1
Project("{8BC9CEB8-8B4A-11D0-8D11-00A0C91BC942}") = "homework", "homework.vcxproj", "{B24D9337-7859-4898-85F9-84FD2D32CF0A}"
EndProject
Project("{8BC9CEB8-8B4A-11D0-8D11-00A0C91BC942}") = "homework_reference", "..\homework_reference\homework_reference.vcxproj", "{CC4F75D9-AA23-4E2A-B35E-C94B2F1B062B}"
EndProject
Project("{8BC9CEB8-8B4A-11D0-8D11-00A0C91BC942}") = "homework3", "..\homework3\homework3.vcxproj", "{19846B51-4CFB-4209-AF71-FC7CFA325E11}"
EndProject
Project("{8BC9CEB8-8B4A-11D0-8D11-00A0C91BC942}") = "homework4", "..\homework4\homework4.vcxproj", "{883BE125-3C93-4FEE-83A0-AA9D0E88FFD6}"
EndProject
Project("{8BC9CEB8-8B4A-11D0-8D11-00A0C91BC942}") = "poker game", "..\poker game\poker game.vcxproj", "{0AC93870-6337-4D0F-90AD-FE44F0F0A224}"
EndProject
Project("{8BC9CEB8-8B4A-11D0-8D11-00A0C91BC942}") = "poker_game_refer", "..\poker_game_refer\poker_game_refer.vcxproj", "{F386C181-5095-4136-B243-E3ABC6578ED6}"
EndProject
Project("{8BC9CEB8-8B4A-11D0-8D11-00A0C91BC942}") = "一元多项式", "..\一元多项式\一元多项式.vcxproj", "{BDC949A8-3C2C-4D05-AD15-52F9B07882D7}"
EndProject
Project("{8BC9CEB8-8B4A-11D0-8D11-00A0C91BC942}") = "pa1", "..\pa1\pa1.vcxproj", "{1BD7E097-2D86-40E5-BB10-549722EA856E}"
EndProject
Project("{8BC9CEB8-8B4A-11D0-8D11-00A0C91BC942}") = "test", "..\test\test.vcxproj", "{73ABEEF0-C33C-407A-AA7B-CAF90B9C7721}"
EndProject
Project("{8BC9CEB8-8B4A-11D0-8D11-00A0C91BC942}") = "pa2", "..\pa2\pa2.vcxproj", "{B1372286-06C1-4108-9A31-346870CB44CB}"
EndProject
Project("{8BC9CEB8-8B4A-11D0-8D11-00A0C91BC942}") = "2-1", "..\2-1\2-1.vcxproj", "{71FDD99D-8988-41B5-8822-A4C738DE7F6A}"
EndProject
Project("{8BC9CEB8-8B4A-11D0-8D11-00A0C91BC942}") = "2-2", "..\2-2\2-2.vcxproj", "{6AA1D07F-FC5D-401A-8517-8B6374EB3FFC}"
EndProject
Project("{8BC9CEB8-8B4A-11D0-8D11-00A0C91BC942}") = "2-3", "..\2-3\2-3.vcxproj", "{DBFD4636-3B78-4624-BB2D-AF200C774865}"
EndProject
Project("{8BC9CEB8-8B4A-11D0-8D11-00A0C91BC942}") = "xzk动态内存申请参考代码", "..\xzk动态内存申请参考代码\xzk动态内存申请参考代码.vcxproj", "{8C7E20D3-DE40-4991-A530-1081763C57FA}"
EndProject
Project("{8BC9CEB8-8B4A-11D0-8D11-00A0C91BC942}") = "2-4", "..\2-4\2-4.vcxproj", "{5820380B-F3F5-4DD9-A63B-C5492139A561}"
EndProject
Project("{8BC9CEB8-8B4A-11D0-8D11-00A0C91BC942}") = "2-5-错误思路", "..\2-5\2-5.vcxproj", "{0C0438AE-846B-4B51-907B-50A22605E9B9}"
EndProject
Project("{8BC9CEB8-8B4A-11D0-8D11-00A0C91BC942}") = "pa3", "..\pa3\pa3.vcxproj", "{70A0B6AF-93E7-4FF9-9C9C-2FACC8E64415}"
EndProject
Project("{8BC9CEB8-8B4A-11D0-8D11-00A0C91BC942}") = "3-1", "..\3-1\3-1.vcxproj", "{BBA4C01E-7563-4CFD-AF85-9375827436AD}"
EndProject
Project("{8BC9CEB8-8B4A-11D0-8D11-00A0C91BC942}") = "3-3", "..\3-3\3-3.vcxproj", "{EF6F4FFC-FEED-413E-82B9-5F12202B3787}"
EndProject
Project("{8BC9CEB8-8B4A-11D0-8D11-00A0C91BC942}") = "3-2", "..\3-2\3-2.vcxproj", "{D44C551B-7B3C-4FC6-8CAD-F2DE574F0432}"
EndProject
Project("{8BC9CEB8-8B4A-11D0-8D11-00A0C91BC942}") = "3-4", "..\4-4.cpp\4-4.cpp.vcxproj", "{0968A9F5-BDF5-424D-BFC9-B0F2DE3A1122}"
EndProject
Project("{8BC9CEB8-8B4A-11D0-8D11-00A0C91BC942}") = "3-5.cpp", "..\3-5.cpp\3-5.cpp.vcxproj", "{DD18CFD3-5401-42BF-8638-C1E8BF081BE4}"
EndProject
Project("{8BC9CEB8-8B4A-11D0-8D11-00A0C91BC942}") = "Huffman coding and decoding", "..\Huffman coding and decoding\Huffman coding and decoding.vcxproj", "{5F93512F-1BC4-4597-B045-CC9D2A163212}"
EndProject
Project("{8BC9CEB8-8B4A-11D0-8D11-00A0C91BC942}") = "4-1", "..\4-1\4-1.vcxproj", "{61B8995C-6860-4BDC-9BEC-44DB652C1055}"
EndProject
Project("{8BC9CEB8-8B4A-11D0-8D11-00A0C91BC942}") = "4-2", "..\4-2\4-2.vcxproj", "{AC6156C3-D904-4961-93C8-F151116E920A}"
EndProject
Project("{8BC9CEB8-8B4A-11D0-8D11-00A0C91BC942}") = "4-4", "..\4-4\4-4.vcxproj", "{7854D1FA-9DE5-4181-A691-68E7D3A9DFC5}"
EndProject
Project("{8BC9CEB8-8B4A-11D0-8D11-00A0C91BC942}") = "4-3", "..\4-3\4-3.vcxproj", "{DC26B5FC-148C-4A5B-833D-9D952FCEE7BE}"
EndProject
Project("{8BC9CEB8-8B4A-11D0-8D11-00A0C91BC942}") = "homework_reference_5", "..\homework_reference_5\homework_reference_5.vcxproj", "{95C7F44C-361D-4AE4-A715-5FF368088C7A}"
EndProject
Project("{8BC9CEB8-8B4A-11D0-8D11-00A0C91BC942}") = "4-5-1", "..\4-5-1\4-5-1.vcxproj", "{AF304607-A91E-401D-AFE2-E4472DB20CAE}"
EndProject
Project("{8BC9CEB8-8B4A-11D0-8D11-00A0C91BC942}") = "christmas tree", "..\christmas tree\christmas tree.vcxproj", "{EC188EF1-AF98-4B8A-B7DA-1E12CD019C37}"
EndProject
Project("{8BC9CEB8-8B4A-11D0-8D11-00A0C91BC942}") = "1-1", "..\1-1\1-1.vcxproj", "{D291074C-7516-4EB3-8AF3-E0BB29E1E7B0}"
EndProject
Project("{8BC9CEB8-8B4A-11D0-8D11-00A0C91BC942}") = "1-4.cpp", "..\1-4.cpp\1-4.cpp.vcxproj", "{23842F4D-2458-4D38-90B0-1DE7579A0BEC}"
EndProject
Project("{8BC9CEB8-8B4A-11D0-8D11-00A0C91BC942}") = "5-1", "..\5-1\5-1.vcxproj", "{AD35FB69-B06E-4075-A4D5-938F2BA7DEC0}"
EndProject
Project("{8BC9CEB8-8B4A-11D0-8D11-00A0C91BC942}") = "5-2", "..\5-2\5-2.vcxproj", "{4999C4F8-87D2-42D4-8008-FCB84CAF331D}"
EndProject
Project("{8BC9CEB8-8B4A-11D0-8D11-00A0C91BC942}") = "5-3", "..\5-3\5-3.vcxproj", "{288E71F4-427F-4836-A863-E5DDC7D4DB75}"
EndProject
Project("{8BC9CEB8-8B4A-11D0-8D11-00A0C91BC942}") = "5-5", "..\5-5\5-5.vcxproj", "{168E5383-D2A7-4085-BE3C-8A54B3FC5E8F}"
EndProject
Project("{8BC9CEB8-8B4A-11D0-8D11-00A0C91BC942}") = "has", "..\has\has.vcxproj", "{DB7530CE-085C-45C4-918C-B89E2643A0EF}"
EndProject
Project("{8BC9CEB8-8B4A-11D0-8D11-00A0C91BC942}") = "5-4", "..\5-4\5-4.vcxproj", "{CD0A00CE-79B6-4A5E-984D-BAF16D9B5D57}"
EndProject
Project("{8BC9CEB8-8B4A-11D0-8D11-00A0C91BC942}") = "dictionary tree", "..\dictionary tree\dictionary tree.vcxproj", "{FDE784BF-0F34-43FA-89BB-A72B51848CA8}"
EndProject
Project("{8BC9CEB8-8B4A-11D0-8D11-00A0C91BC942}") = "count words", "..\count words\count words.vcxproj", "{0DC03EE8-66E0-4A0F-A991-9F5715152112}"
EndProject
Global
	GlobalSection(SolutionConfigurationPlatforms) = preSolution
		Debug|x64 = Debug|x64
		Debug|x86 = Debug|x86
		Release|x64 = Release|x64
		Release|x86 = Release|x86
	EndGlobalSection
	GlobalSection(ProjectConfigurationPlatforms) = postSolution
		{B24D9337-7859-4898-85F9-84FD2D32CF0A}.Debug|x64.ActiveCfg = Debug|x64
		{B24D9337-7859-4898-85F9-84FD2D32CF0A}.Debug|x64.Build.0 = Debug|x64
		{B24D9337-7859-4898-85F9-84FD2D32CF0A}.Debug|x86.ActiveCfg = Debug|Win32
		{B24D9337-7859-4898-85F9-84FD2D32CF0A}.Debug|x86.Build.0 = Debug|Win32
		{B24D9337-7859-4898-85F9-84FD2D32CF0A}.Release|x64.ActiveCfg = Release|x64
		{B24D9337-7859-4898-85F9-84FD2D32CF0A}.Release|x64.Build.0 = Release|x64
		{B24D9337-7859-4898-85F9-84FD2D32CF0A}.Release|x86.ActiveCfg = Release|Win32
		{B24D9337-7859-4898-85F9-84FD2D32CF0A}.Release|x86.Build.0 = Release|Win32
		{CC4F75D9-AA23-4E2A-B35E-C94B2F1B062B}.Debug|x64.ActiveCfg = Debug|x64
		{CC4F75D9-AA23-4E2A-B35E-C94B2F1B062B}.Debug|x64.Build.0 = Debug|x64
		{CC4F75D9-AA23-4E2A-B35E-C94B2F1B062B}.Debug|x86.ActiveCfg = Debug|Win32
		{CC4F75D9-AA23-4E2A-B35E-C94B2F1B062B}.Debug|x86.Build.0 = Debug|Win32
		{CC4F75D9-AA23-4E2A-B35E-C94B2F1B062B}.Release|x64.ActiveCfg = Release|x64
		{CC4F75D9-AA23-4E2A-B35E-C94B2F1B062B}.Release|x64.Build.0 = Release|x64
		{CC4F75D9-AA23-4E2A-B35E-C94B2F1B062B}.Release|x86.ActiveCfg = Release|Win32
		{CC4F75D9-AA23-4E2A-B35E-C94B2F1B062B}.Release|x86.Build.0 = Release|Win32
		{19846B51-4CFB-4209-AF71-FC7CFA325E11}.Debug|x64.ActiveCfg = Debug|x64
		{19846B51-4CFB-4209-AF71-FC7CFA325E11}.Debug|x64.Build.0 = Debug|x64
		{19846B51-4CFB-4209-AF71-FC7CFA325E11}.Debug|x86.ActiveCfg = Debug|Win32
		{19846B51-4CFB-4209-AF71-FC7CFA325E11}.Debug|x86.Build.0 = Debug|Win32
		{19846B51-4CFB-4209-AF71-FC7CFA325E11}.Release|x64.ActiveCfg = Release|x64
		{19846B51-4CFB-4209-AF71-FC7CFA325E11}.Release|x64.Build.0 = Release|x64
		{19846B51-4CFB-4209-AF71-FC7CFA325E11}.Release|x86.ActiveCfg = Release|Win32
		{19846B51-4CFB-4209-AF71-FC7CFA325E11}.Release|x86.Build.0 = Release|Win32
		{883BE125-3C93-4FEE-83A0-AA9D0E88FFD6}.Debug|x64.ActiveCfg = Debug|x64
		{883BE125-3C93-4FEE-83A0-AA9D0E88FFD6}.Debug|x64.Build.0 = Debug|x64
		{883BE125-3C93-4FEE-83A0-AA9D0E88FFD6}.Debug|x86.ActiveCfg = Debug|Win32
		{883BE125-3C93-4FEE-83A0-AA9D0E88FFD6}.Debug|x86.Build.0 = Debug|Win32
		{883BE125-3C93-4FEE-83A0-AA9D0E88FFD6}.Release|x64.ActiveCfg = Release|x64
		{883BE125-3C93-4FEE-83A0-AA9D0E88FFD6}.Release|x64.Build.0 = Release|x64
		{883BE125-3C93-4FEE-83A0-AA9D0E88FFD6}.Release|x86.ActiveCfg = Release|Win32
		{883BE125-3C93-4FEE-83A0-AA9D0E88FFD6}.Release|x86.Build.0 = Release|Win32
		{0AC93870-6337-4D0F-90AD-FE44F0F0A224}.Debug|x64.ActiveCfg = Debug|x64
		{0AC93870-6337-4D0F-90AD-FE44F0F0A224}.Debug|x64.Build.0 = Debug|x64
		{0AC93870-6337-4D0F-90AD-FE44F0F0A224}.Debug|x86.ActiveCfg = Debug|Win32
		{0AC93870-6337-4D0F-90AD-FE44F0F0A224}.Debug|x86.Build.0 = Debug|Win32
		{0AC93870-6337-4D0F-90AD-FE44F0F0A224}.Release|x64.ActiveCfg = Release|x64
		{0AC93870-6337-4D0F-90AD-FE44F0F0A224}.Release|x64.Build.0 = Release|x64
		{0AC93870-6337-4D0F-90AD-FE44F0F0A224}.Release|x86.ActiveCfg = Release|Win32
		{0AC93870-6337-4D0F-90AD-FE44F0F0A224}.Release|x86.Build.0 = Release|Win32
		{F386C181-5095-4136-B243-E3ABC6578ED6}.Debug|x64.ActiveCfg = Debug|x64
		{F386C181-5095-4136-B243-E3ABC6578ED6}.Debug|x64.Build.0 = Debug|x64
		{F386C181-5095-4136-B243-E3ABC6578ED6}.Debug|x86.ActiveCfg = Debug|Win32
		{F386C181-5095-4136-B243-E3ABC6578ED6}.Debug|x86.Build.0 = Debug|Win32
		{F386C181-5095-4136-B243-E3ABC6578ED6}.Release|x64.ActiveCfg = Release|x64
		{F386C181-5095-4136-B243-E3ABC6578ED6}.Release|x64.Build.0 = Release|x64
		{F386C181-5095-4136-B243-E3ABC6578ED6}.Release|x86.ActiveCfg = Release|Win32
		{F386C181-5095-4136-B243-E3ABC6578ED6}.Release|x86.Build.0 = Release|Win32
		{BDC949A8-3C2C-4D05-AD15-52F9B07882D7}.Debug|x64.ActiveCfg = Debug|x64
		{BDC949A8-3C2C-4D05-AD15-52F9B07882D7}.Debug|x64.Build.0 = Debug|x64
		{BDC949A8-3C2C-4D05-AD15-52F9B07882D7}.Debug|x86.ActiveCfg = Debug|Win32
		{BDC949A8-3C2C-4D05-AD15-52F9B07882D7}.Debug|x86.Build.0 = Debug|Win32
		{BDC949A8-3C2C-4D05-AD15-52F9B07882D7}.Release|x64.ActiveCfg = Release|x64
		{BDC949A8-3C2C-4D05-AD15-52F9B07882D7}.Release|x64.Build.0 = Release|x64
		{BDC949A8-3C2C-4D05-AD15-52F9B07882D7}.Release|x86.ActiveCfg = Release|Win32
		{BDC949A8-3C2C-4D05-AD15-52F9B07882D7}.Release|x86.Build.0 = Release|Win32
		{1BD7E097-2D86-40E5-BB10-549722EA856E}.Debug|x64.ActiveCfg = Debug|x64
		{1BD7E097-2D86-40E5-BB10-549722EA856E}.Debug|x64.Build.0 = Debug|x64
		{1BD7E097-2D86-40E5-BB10-549722EA856E}.Debug|x86.ActiveCfg = Debug|Win32
		{1BD7E097-2D86-40E5-BB10-549722EA856E}.Debug|x86.Build.0 = Debug|Win32
		{1BD7E097-2D86-40E5-BB10-549722EA856E}.Release|x64.ActiveCfg = Release|x64
		{1BD7E097-2D86-40E5-BB10-549722EA856E}.Release|x64.Build.0 = Release|x64
		{1BD7E097-2D86-40E5-BB10-549722EA856E}.Release|x86.ActiveCfg = Release|Win32
		{1BD7E097-2D86-40E5-BB10-549722EA856E}.Release|x86.Build.0 = Release|Win32
		{73ABEEF0-C33C-407A-AA7B-CAF90B9C7721}.Debug|x64.ActiveCfg = Debug|x64
		{73ABEEF0-C33C-407A-AA7B-CAF90B9C7721}.Debug|x64.Build.0 = Debug|x64
		{73ABEEF0-C33C-407A-AA7B-CAF90B9C7721}.Debug|x86.ActiveCfg = Debug|Win32
		{73ABEEF0-C33C-407A-AA7B-CAF90B9C7721}.Debug|x86.Build.0 = Debug|Win32
		{73ABEEF0-C33C-407A-AA7B-CAF90B9C7721}.Release|x64.ActiveCfg = Release|x64
		{73ABEEF0-C33C-407A-AA7B-CAF90B9C7721}.Release|x64.Build.0 = Release|x64
		{73ABEEF0-C33C-407A-AA7B-CAF90B9C7721}.Release|x86.ActiveCfg = Release|Win32
		{73ABEEF0-C33C-407A-AA7B-CAF90B9C7721}.Release|x86.Build.0 = Release|Win32
		{B1372286-06C1-4108-9A31-346870CB44CB}.Debug|x64.ActiveCfg = Debug|x64
		{B1372286-06C1-4108-9A31-346870CB44CB}.Debug|x64.Build.0 = Debug|x64
		{B1372286-06C1-4108-9A31-346870CB44CB}.Debug|x86.ActiveCfg = Debug|Win32
		{B1372286-06C1-4108-9A31-346870CB44CB}.Debug|x86.Build.0 = Debug|Win32
		{B1372286-06C1-4108-9A31-346870CB44CB}.Release|x64.ActiveCfg = Release|x64
		{B1372286-06C1-4108-9A31-346870CB44CB}.Release|x64.Build.0 = Release|x64
		{B1372286-06C1-4108-9A31-346870CB44CB}.Release|x86.ActiveCfg = Release|Win32
		{B1372286-06C1-4108-9A31-346870CB44CB}.Release|x86.Build.0 = Release|Win32
		{71FDD99D-8988-41B5-8822-A4C738DE7F6A}.Debug|x64.ActiveCfg = Debug|x64
		{71FDD99D-8988-41B5-8822-A4C738DE7F6A}.Debug|x64.Build.0 = Debug|x64
		{71FDD99D-8988-41B5-8822-A4C738DE7F6A}.Debug|x86.ActiveCfg = Debug|Win32
		{71FDD99D-8988-41B5-8822-A4C738DE7F6A}.Debug|x86.Build.0 = Debug|Win32
		{71FDD99D-8988-41B5-8822-A4C738DE7F6A}.Release|x64.ActiveCfg = Release|x64
		{71FDD99D-8988-41B5-8822-A4C738DE7F6A}.Release|x64.Build.0 = Release|x64
		{71FDD99D-8988-41B5-8822-A4C738DE7F6A}.Release|x86.ActiveCfg = Release|Win32
		{71FDD99D-8988-41B5-8822-A4C738DE7F6A}.Release|x86.Build.0 = Release|Win32
		{6AA1D07F-FC5D-401A-8517-8B6374EB3FFC}.Debug|x64.ActiveCfg = Debug|x64
		{6AA1D07F-FC5D-401A-8517-8B6374EB3FFC}.Debug|x64.Build.0 = Debug|x64
		{6AA1D07F-FC5D-401A-8517-8B6374EB3FFC}.Debug|x86.ActiveCfg = Debug|Win32
		{6AA1D07F-FC5D-401A-8517-8B6374EB3FFC}.Debug|x86.Build.0 = Debug|Win32
		{6AA1D07F-FC5D-401A-8517-8B6374EB3FFC}.Release|x64.ActiveCfg = Release|x64
		{6AA1D07F-FC5D-401A-8517-8B6374EB3FFC}.Release|x64.Build.0 = Release|x64
		{6AA1D07F-FC5D-401A-8517-8B6374EB3FFC}.Release|x86.ActiveCfg = Release|Win32
		{6AA1D07F-FC5D-401A-8517-8B6374EB3FFC}.Release|x86.Build.0 = Release|Win32
		{DBFD4636-3B78-4624-BB2D-AF200C774865}.Debug|x64.ActiveCfg = Debug|x64
		{DBFD4636-3B78-4624-BB2D-AF200C774865}.Debug|x64.Build.0 = Debug|x64
		{DBFD4636-3B78-4624-BB2D-AF200C774865}.Debug|x86.ActiveCfg = Debug|Win32
		{DBFD4636-3B78-4624-BB2D-AF200C774865}.Debug|x86.Build.0 = Debug|Win32
		{DBFD4636-3B78-4624-BB2D-AF200C774865}.Release|x64.ActiveCfg = Release|x64
		{DBFD4636-3B78-4624-BB2D-AF200C774865}.Release|x64.Build.0 = Release|x64
		{DBFD4636-3B78-4624-BB2D-AF200C774865}.Release|x86.ActiveCfg = Release|Win32
		{DBFD4636-3B78-4624-BB2D-AF200C774865}.Release|x86.Build.0 = Release|Win32
		{8C7E20D3-DE40-4991-A530-1081763C57FA}.Debug|x64.ActiveCfg = Debug|x64
		{8C7E20D3-DE40-4991-A530-1081763C57FA}.Debug|x64.Build.0 = Debug|x64
		{8C7E20D3-DE40-4991-A530-1081763C57FA}.Debug|x86.ActiveCfg = Debug|Win32
		{8C7E20D3-DE40-4991-A530-1081763C57FA}.Debug|x86.Build.0 = Debug|Win32
		{8C7E20D3-DE40-4991-A530-1081763C57FA}.Release|x64.ActiveCfg = Release|x64
		{8C7E20D3-DE40-4991-A530-1081763C57FA}.Release|x64.Build.0 = Release|x64
		{8C7E20D3-DE40-4991-A530-1081763C57FA}.Release|x86.ActiveCfg = Release|Win32
		{8C7E20D3-DE40-4991-A530-1081763C57FA}.Release|x86.Build.0 = Release|Win32
		{5820380B-F3F5-4DD9-A63B-C5492139A561}.Debug|x64.ActiveCfg = Debug|x64
		{5820380B-F3F5-4DD9-A63B-C5492139A561}.Debug|x64.Build.0 = Debug|x64
		{5820380B-F3F5-4DD9-A63B-C5492139A561}.Debug|x86.ActiveCfg = Debug|Win32
		{5820380B-F3F5-4DD9-A63B-C5492139A561}.Debug|x86.Build.0 = Debug|Win32
		{5820380B-F3F5-4DD9-A63B-C5492139A561}.Release|x64.ActiveCfg = Release|x64
		{5820380B-F3F5-4DD9-A63B-C5492139A561}.Release|x64.Build.0 = Release|x64
		{5820380B-F3F5-4DD9-A63B-C5492139A561}.Release|x86.ActiveCfg = Release|Win32
		{5820380B-F3F5-4DD9-A63B-C5492139A561}.Release|x86.Build.0 = Release|Win32
		{0C0438AE-846B-4B51-907B-50A22605E9B9}.Debug|x64.ActiveCfg = Debug|x64
		{0C0438AE-846B-4B51-907B-50A22605E9B9}.Debug|x64.Build.0 = Debug|x64
		{0C0438AE-846B-4B51-907B-50A22605E9B9}.Debug|x86.ActiveCfg = Debug|Win32
		{0C0438AE-846B-4B51-907B-50A22605E9B9}.Debug|x86.Build.0 = Debug|Win32
		{0C0438AE-846B-4B51-907B-50A22605E9B9}.Release|x64.ActiveCfg = Release|x64
		{0C0438AE-846B-4B51-907B-50A22605E9B9}.Release|x64.Build.0 = Release|x64
		{0C0438AE-846B-4B51-907B-50A22605E9B9}.Release|x86.ActiveCfg = Release|Win32
		{0C0438AE-846B-4B51-907B-50A22605E9B9}.Release|x86.Build.0 = Release|Win32
		{70A0B6AF-93E7-4FF9-9C9C-2FACC8E64415}.Debug|x64.ActiveCfg = Debug|x64
		{70A0B6AF-93E7-4FF9-9C9C-2FACC8E64415}.Debug|x64.Build.0 = Debug|x64
		{70A0B6AF-93E7-4FF9-9C9C-2FACC8E64415}.Debug|x86.ActiveCfg = Debug|Win32
		{70A0B6AF-93E7-4FF9-9C9C-2FACC8E64415}.Debug|x86.Build.0 = Debug|Win32
		{70A0B6AF-93E7-4FF9-9C9C-2FACC8E64415}.Release|x64.ActiveCfg = Release|x64
		{70A0B6AF-93E7-4FF9-9C9C-2FACC8E64415}.Release|x64.Build.0 = Release|x64
		{70A0B6AF-93E7-4FF9-9C9C-2FACC8E64415}.Release|x86.ActiveCfg = Release|Win32
		{70A0B6AF-93E7-4FF9-9C9C-2FACC8E64415}.Release|x86.Build.0 = Release|Win32
		{BBA4C01E-7563-4CFD-AF85-9375827436AD}.Debug|x64.ActiveCfg = Debug|x64
		{BBA4C01E-7563-4CFD-AF85-9375827436AD}.Debug|x64.Build.0 = Debug|x64
		{BBA4C01E-7563-4CFD-AF85-9375827436AD}.Debug|x86.ActiveCfg = Debug|Win32
		{BBA4C01E-7563-4CFD-AF85-9375827436AD}.Debug|x86.Build.0 = Debug|Win32
		{BBA4C01E-7563-4CFD-AF85-9375827436AD}.Release|x64.ActiveCfg = Release|x64
		{BBA4C01E-7563-4CFD-AF85-9375827436AD}.Release|x64.Build.0 = Release|x64
		{BBA4C01E-7563-4CFD-AF85-9375827436AD}.Release|x86.ActiveCfg = Release|Win32
		{BBA4C01E-7563-4CFD-AF85-9375827436AD}.Release|x86.Build.0 = Release|Win32
		{EF6F4FFC-FEED-413E-82B9-5F12202B3787}.Debug|x64.ActiveCfg = Debug|x64
		{EF6F4FFC-FEED-413E-82B9-5F12202B3787}.Debug|x64.Build.0 = Debug|x64
		{EF6F4FFC-FEED-413E-82B9-5F12202B3787}.Debug|x86.ActiveCfg = Debug|Win32
		{EF6F4FFC-FEED-413E-82B9-5F12202B3787}.Debug|x86.Build.0 = Debug|Win32
		{EF6F4FFC-FEED-413E-82B9-5F12202B3787}.Release|x64.ActiveCfg = Release|x64
		{EF6F4FFC-FEED-413E-82B9-5F12202B3787}.Release|x64.Build.0 = Release|x64
		{EF6F4FFC-FEED-413E-82B9-5F12202B3787}.Release|x86.ActiveCfg = Release|Win32
		{EF6F4FFC-FEED-413E-82B9-5F12202B3787}.Release|x86.Build.0 = Release|Win32
		{D44C551B-7B3C-4FC6-8CAD-F2DE574F0432}.Debug|x64.ActiveCfg = Debug|x64
		{D44C551B-7B3C-4FC6-8CAD-F2DE574F0432}.Debug|x64.Build.0 = Debug|x64
		{D44C551B-7B3C-4FC6-8CAD-F2DE574F0432}.Debug|x86.ActiveCfg = Debug|Win32
		{D44C551B-7B3C-4FC6-8CAD-F2DE574F0432}.Debug|x86.Build.0 = Debug|Win32
		{D44C551B-7B3C-4FC6-8CAD-F2DE574F0432}.Release|x64.ActiveCfg = Release|x64
		{D44C551B-7B3C-4FC6-8CAD-F2DE574F0432}.Release|x64.Build.0 = Release|x64
		{D44C551B-7B3C-4FC6-8CAD-F2DE574F0432}.Release|x86.ActiveCfg = Release|Win32
		{D44C551B-7B3C-4FC6-8CAD-F2DE574F0432}.Release|x86.Build.0 = Release|Win32
		{0968A9F5-BDF5-424D-BFC9-B0F2DE3A1122}.Debug|x64.ActiveCfg = Debug|x64
		{0968A9F5-BDF5-424D-BFC9-B0F2DE3A1122}.Debug|x64.Build.0 = Debug|x64
		{0968A9F5-BDF5-424D-BFC9-B0F2DE3A1122}.Debug|x86.ActiveCfg = Debug|Win32
		{0968A9F5-BDF5-424D-BFC9-B0F2DE3A1122}.Debug|x86.Build.0 = Debug|Win32
		{0968A9F5-BDF5-424D-BFC9-B0F2DE3A1122}.Release|x64.ActiveCfg = Release|x64
		{0968A9F5-BDF5-424D-BFC9-B0F2DE3A1122}.Release|x64.Build.0 = Release|x64
		{0968A9F5-BDF5-424D-BFC9-B0F2DE3A1122}.Release|x86.ActiveCfg = Release|Win32
		{0968A9F5-BDF5-424D-BFC9-B0F2DE3A1122}.Release|x86.Build.0 = Release|Win32
		{DD18CFD3-5401-42BF-8638-C1E8BF081BE4}.Debug|x64.ActiveCfg = Debug|x64
		{DD18CFD3-5401-42BF-8638-C1E8BF081BE4}.Debug|x64.Build.0 = Debug|x64
		{DD18CFD3-5401-42BF-8638-C1E8BF081BE4}.Debug|x86.ActiveCfg = Debug|Win32
		{DD18CFD3-5401-42BF-8638-C1E8BF081BE4}.Debug|x86.Build.0 = Debug|Win32
		{DD18CFD3-5401-42BF-8638-C1E8BF081BE4}.Release|x64.ActiveCfg = Release|x64
		{DD18CFD3-5401-42BF-8638-C1E8BF081BE4}.Release|x64.Build.0 = Release|x64
		{DD18CFD3-5401-42BF-8638-C1E8BF081BE4}.Release|x86.ActiveCfg = Release|Win32
		{DD18CFD3-5401-42BF-8638-C1E8BF081BE4}.Release|x86.Build.0 = Release|Win32
		{5F93512F-1BC4-4597-B045-CC9D2A163212}.Debug|x64.ActiveCfg = Debug|x64
		{5F93512F-1BC4-4597-B045-CC9D2A163212}.Debug|x64.Build.0 = Debug|x64
		{5F93512F-1BC4-4597-B045-CC9D2A163212}.Debug|x86.ActiveCfg = Debug|Win32
		{5F93512F-1BC4-4597-B045-CC9D2A163212}.Debug|x86.Build.0 = Debug|Win32
		{5F93512F-1BC4-4597-B045-CC9D2A163212}.Release|x64.ActiveCfg = Release|x64
		{5F93512F-1BC4-4597-B045-CC9D2A163212}.Release|x64.Build.0 = Release|x64
		{5F93512F-1BC4-4597-B045-CC9D2A163212}.Release|x86.ActiveCfg = Release|Win32
		{5F93512F-1BC4-4597-B045-CC9D2A163212}.Release|x86.Build.0 = Release|Win32
		{61B8995C-6860-4BDC-9BEC-44DB652C1055}.Debug|x64.ActiveCfg = Debug|x64
		{61B8995C-6860-4BDC-9BEC-44DB652C1055}.Debug|x64.Build.0 = Debug|x64
		{61B8995C-6860-4BDC-9BEC-44DB652C1055}.Debug|x86.ActiveCfg = Debug|Win32
		{61B8995C-6860-4BDC-9BEC-44DB652C1055}.Debug|x86.Build.0 = Debug|Win32
		{61B8995C-6860-4BDC-9BEC-44DB652C1055}.Release|x64.ActiveCfg = Release|x64
		{61B8995C-6860-4BDC-9BEC-44DB652C1055}.Release|x64.Build.0 = Release|x64
		{61B8995C-6860-4BDC-9BEC-44DB652C1055}.Release|x86.ActiveCfg = Release|Win32
		{61B8995C-6860-4BDC-9BEC-44DB652C1055}.Release|x86.Build.0 = Release|Win32
		{AC6156C3-D904-4961-93C8-F151116E920A}.Debug|x64.ActiveCfg = Debug|x64
		{AC6156C3-D904-4961-93C8-F151116E920A}.Debug|x64.Build.0 = Debug|x64
		{AC6156C3-D904-4961-93C8-F151116E920A}.Debug|x86.ActiveCfg = Debug|Win32
		{AC6156C3-D904-4961-93C8-F151116E920A}.Debug|x86.Build.0 = Debug|Win32
		{AC6156C3-D904-4961-93C8-F151116E920A}.Release|x64.ActiveCfg = Release|x64
		{AC6156C3-D904-4961-93C8-F151116E920A}.Release|x64.Build.0 = Release|x64
		{AC6156C3-D904-4961-93C8-F151116E920A}.Release|x86.ActiveCfg = Release|Win32
		{AC6156C3-D904-4961-93C8-F151116E920A}.Release|x86.Build.0 = Release|Win32
		{7854D1FA-9DE5-4181-A691-68E7D3A9DFC5}.Debug|x64.ActiveCfg = Debug|x64
		{7854D1FA-9DE5-4181-A691-68E7D3A9DFC5}.Debug|x64.Build.0 = Debug|x64
		{7854D1FA-9DE5-4181-A691-68E7D3A9DFC5}.Debug|x86.ActiveCfg = Debug|Win32
		{7854D1FA-9DE5-4181-A691-68E7D3A9DFC5}.Debug|x86.Build.0 = Debug|Win32
		{7854D1FA-9DE5-4181-A691-68E7D3A9DFC5}.Release|x64.ActiveCfg = Release|x64
		{7854D1FA-9DE5-4181-A691-68E7D3A9DFC5}.Release|x64.Build.0 = Release|x64
		{7854D1FA-9DE5-4181-A691-68E7D3A9DFC5}.Release|x86.ActiveCfg = Release|Win32
		{7854D1FA-9DE5-4181-A691-68E7D3A9DFC5}.Release|x86.Build.0 = Release|Win32
		{DC26B5FC-148C-4A5B-833D-9D952FCEE7BE}.Debug|x64.ActiveCfg = Debug|x64
		{DC26B5FC-148C-4A5B-833D-9D952FCEE7BE}.Debug|x64.Build.0 = Debug|x64
		{DC26B5FC-148C-4A5B-833D-9D952FCEE7BE}.Debug|x86.ActiveCfg = Debug|Win32
		{DC26B5FC-148C-4A5B-833D-9D952FCEE7BE}.Debug|x86.Build.0 = Debug|Win32
		{DC26B5FC-148C-4A5B-833D-9D952FCEE7BE}.Release|x64.ActiveCfg = Release|x64
		{DC26B5FC-148C-4A5B-833D-9D952FCEE7BE}.Release|x64.Build.0 = Release|x64
		{DC26B5FC-148C-4A5B-833D-9D952FCEE7BE}.Release|x86.ActiveCfg = Release|Win32
		{DC26B5FC-148C-4A5B-833D-9D952FCEE7BE}.Release|x86.Build.0 = Release|Win32
		{95C7F44C-361D-4AE4-A715-5FF368088C7A}.Debug|x64.ActiveCfg = Debug|x64
		{95C7F44C-361D-4AE4-A715-5FF368088C7A}.Debug|x64.Build.0 = Debug|x64
		{95C7F44C-361D-4AE4-A715-5FF368088C7A}.Debug|x86.ActiveCfg = Debug|Win32
		{95C7F44C-361D-4AE4-A715-5FF368088C7A}.Debug|x86.Build.0 = Debug|Win32
		{95C7F44C-361D-4AE4-A715-5FF368088C7A}.Release|x64.ActiveCfg = Release|x64
		{95C7F44C-361D-4AE4-A715-5FF368088C7A}.Release|x64.Build.0 = Release|x64
		{95C7F44C-361D-4AE4-A715-5FF368088C7A}.Release|x86.ActiveCfg = Release|Win32
		{95C7F44C-361D-4AE4-A715-5FF368088C7A}.Release|x86.Build.0 = Release|Win32
		{AF304607-A91E-401D-AFE2-E4472DB20CAE}.Debug|x64.ActiveCfg = Debug|x64
		{AF304607-A91E-401D-AFE2-E4472DB20CAE}.Debug|x64.Build.0 = Debug|x64
		{AF304607-A91E-401D-AFE2-E4472DB20CAE}.Debug|x86.ActiveCfg = Debug|Win32
		{AF304607-A91E-401D-AFE2-E4472DB20CAE}.Debug|x86.Build.0 = Debug|Win32
		{AF304607-A91E-401D-AFE2-E4472DB20CAE}.Release|x64.ActiveCfg = Release|x64
		{AF304607-A91E-401D-AFE2-E4472DB20CAE}.Release|x64.Build.0 = Release|x64
		{AF304607-A91E-401D-AFE2-E4472DB20CAE}.Release|x86.ActiveCfg = Release|Win32
		{AF304607-A91E-401D-AFE2-E4472DB20CAE}.Release|x86.Build.0 = Release|Win32
		{EC188EF1-AF98-4B8A-B7DA-1E12CD019C37}.Debug|x64.ActiveCfg = Debug|x64
		{EC188EF1-AF98-4B8A-B7DA-1E12CD019C37}.Debug|x64.Build.0 = Debug|x64
		{EC188EF1-AF98-4B8A-B7DA-1E12CD019C37}.Debug|x86.ActiveCfg = Debug|Win32
		{EC188EF1-AF98-4B8A-B7DA-1E12CD019C37}.Debug|x86.Build.0 = Debug|Win32
		{EC188EF1-AF98-4B8A-B7DA-1E12CD019C37}.Release|x64.ActiveCfg = Release|x64
		{EC188EF1-AF98-4B8A-B7DA-1E12CD019C37}.Release|x64.Build.0 = Release|x64
		{EC188EF1-AF98-4B8A-B7DA-1E12CD019C37}.Release|x86.ActiveCfg = Release|Win32
		{EC188EF1-AF98-4B8A-B7DA-1E12CD019C37}.Release|x86.Build.0 = Release|Win32
		{D291074C-7516-4EB3-8AF3-E0BB29E1E7B0}.Debug|x64.ActiveCfg = Debug|x64
		{D291074C-7516-4EB3-8AF3-E0BB29E1E7B0}.Debug|x64.Build.0 = Debug|x64
		{D291074C-7516-4EB3-8AF3-E0BB29E1E7B0}.Debug|x86.ActiveCfg = Debug|Win32
		{D291074C-7516-4EB3-8AF3-E0BB29E1E7B0}.Debug|x86.Build.0 = Debug|Win32
		{D291074C-7516-4EB3-8AF3-E0BB29E1E7B0}.Release|x64.ActiveCfg = Release|x64
		{D291074C-7516-4EB3-8AF3-E0BB29E1E7B0}.Release|x64.Build.0 = Release|x64
		{D291074C-7516-4EB3-8AF3-E0BB29E1E7B0}.Release|x86.ActiveCfg = Release|Win32
		{D291074C-7516-4EB3-8AF3-E0BB29E1E7B0}.Release|x86.Build.0 = Release|Win32
		{23842F4D-2458-4D38-90B0-1DE7579A0BEC}.Debug|x64.ActiveCfg = Debug|x64
		{23842F4D-2458-4D38-90B0-1DE7579A0BEC}.Debug|x64.Build.0 = Debug|x64
		{23842F4D-2458-4D38-90B0-1DE7579A0BEC}.Debug|x86.ActiveCfg = Debug|Win32
		{23842F4D-2458-4D38-90B0-1DE7579A0BEC}.Debug|x86.Build.0 = Debug|Win32
		{23842F4D-2458-4D38-90B0-1DE7579A0BEC}.Release|x64.ActiveCfg = Release|x64
		{23842F4D-2458-4D38-90B0-1DE7579A0BEC}.Release|x64.Build.0 = Release|x64
		{23842F4D-2458-4D38-90B0-1DE7579A0BEC}.Release|x86.ActiveCfg = Release|Win32
		{23842F4D-2458-4D38-90B0-1DE7579A0BEC}.Release|x86.Build.0 = Release|Win32
		{AD35FB69-B06E-4075-A4D5-938F2BA7DEC0}.Debug|x64.ActiveCfg = Debug|x64
		{AD35FB69-B06E-4075-A4D5-938F2BA7DEC0}.Debug|x64.Build.0 = Debug|x64
		{AD35FB69-B06E-4075-A4D5-938F2BA7DEC0}.Debug|x86.ActiveCfg = Debug|Win32
		{AD35FB69-B06E-4075-A4D5-938F2BA7DEC0}.Debug|x86.Build.0 = Debug|Win32
		{AD35FB69-B06E-4075-A4D5-938F2BA7DEC0}.Release|x64.ActiveCfg = Release|x64
		{AD35FB69-B06E-4075-A4D5-938F2BA7DEC0}.Release|x64.Build.0 = Release|x64
		{AD35FB69-B06E-4075-A4D5-938F2BA7DEC0}.Release|x86.ActiveCfg = Release|Win32
		{AD35FB69-B06E-4075-A4D5-938F2BA7DEC0}.Release|x86.Build.0 = Release|Win32
		{4999C4F8-87D2-42D4-8008-FCB84CAF331D}.Debug|x64.ActiveCfg = Debug|x64
		{4999C4F8-87D2-42D4-8008-FCB84CAF331D}.Debug|x64.Build.0 = Debug|x64
		{4999C4F8-87D2-42D4-8008-FCB84CAF331D}.Debug|x86.ActiveCfg = Debug|Win32
		{4999C4F8-87D2-42D4-8008-FCB84CAF331D}.Debug|x86.Build.0 = Debug|Win32
		{4999C4F8-87D2-42D4-8008-FCB84CAF331D}.Release|x64.ActiveCfg = Release|x64
		{4999C4F8-87D2-42D4-8008-FCB84CAF331D}.Release|x64.Build.0 = Release|x64
		{4999C4F8-87D2-42D4-8008-FCB84CAF331D}.Release|x86.ActiveCfg = Release|Win32
		{4999C4F8-87D2-42D4-8008-FCB84CAF331D}.Release|x86.Build.0 = Release|Win32
		{288E71F4-427F-4836-A863-E5DDC7D4DB75}.Debug|x64.ActiveCfg = Debug|x64
		{288E71F4-427F-4836-A863-E5DDC7D4DB75}.Debug|x64.Build.0 = Debug|x64
		{288E71F4-427F-4836-A863-E5DDC7D4DB75}.Debug|x86.ActiveCfg = Debug|Win32
		{288E71F4-427F-4836-A863-E5DDC7D4DB75}.Debug|x86.Build.0 = Debug|Win32
		{288E71F4-427F-4836-A863-E5DDC7D4DB75}.Release|x64.ActiveCfg = Release|x64
		{288E71F4-427F-4836-A863-E5DDC7D4DB75}.Release|x64.Build.0 = Release|x64
		{288E71F4-427F-4836-A863-E5DDC7D4DB75}.Release|x86.ActiveCfg = Release|Win32
		{288E71F4-427F-4836-A863-E5DDC7D4DB75}.Release|x86.Build.0 = Release|Win32
		{168E5383-D2A7-4085-BE3C-8A54B3FC5E8F}.Debug|x64.ActiveCfg = Debug|x64
		{168E5383-D2A7-4085-BE3C-8A54B3FC5E8F}.Debug|x64.Build.0 = Debug|x64
		{168E5383-D2A7-4085-BE3C-8A54B3FC5E8F}.Debug|x86.ActiveCfg = Debug|Win32
		{168E5383-D2A7-4085-BE3C-8A54B3FC5E8F}.Debug|x86.Build.0 = Debug|Win32
		{168E5383-D2A7-4085-BE3C-8A54B3FC5E8F}.Release|x64.ActiveCfg = Release|x64
		{168E5383-D2A7-4085-BE3C-8A54B3FC5E8F}.Release|x64.Build.0 = Release|x64
		{168E5383-D2A7-4085-BE3C-8A54B3FC5E8F}.Release|x86.ActiveCfg = Release|Win32
		{168E5383-D2A7-4085-BE3C-8A54B3FC5E8F}.Release|x86.Build.0 = Release|Win32
		{DB7530CE-085C-45C4-918C-B89E2643A0EF}.Debug|x64.ActiveCfg = Debug|x64
		{DB7530CE-085C-45C4-918C-B89E2643A0EF}.Debug|x64.Build.0 = Debug|x64
		{DB7530CE-085C-45C4-918C-B89E2643A0EF}.Debug|x86.ActiveCfg = Debug|Win32
		{DB7530CE-085C-45C4-918C-B89E2643A0EF}.Debug|x86.Build.0 = Debug|Win32
		{DB7530CE-085C-45C4-918C-B89E2643A0EF}.Release|x64.ActiveCfg = Release|x64
		{DB7530CE-085C-45C4-918C-B89E2643A0EF}.Release|x64.Build.0 = Release|x64
		{DB7530CE-085C-45C4-918C-B89E2643A0EF}.Release|x86.ActiveCfg = Release|Win32
		{DB7530CE-085C-45C4-918C-B89E2643A0EF}.Release|x86.Build.0 = Release|Win32
		{CD0A00CE-79B6-4A5E-984D-BAF16D9B5D57}.Debug|x64.ActiveCfg = Debug|x64
		{CD0A00CE-79B6-4A5E-984D-BAF16D9B5D57}.Debug|x64.Build.0 = Debug|x64
		{CD0A00CE-79B6-4A5E-984D-BAF16D9B5D57}.Debug|x86.ActiveCfg = Debug|Win32
		{CD0A00CE-79B6-4A5E-984D-BAF16D9B5D57}.Debug|x86.Build.0 = Debug|Win32
		{CD0A00CE-79B6-4A5E-984D-BAF16D9B5D57}.Release|x64.ActiveCfg = Release|x64
		{CD0A00CE-79B6-4A5E-984D-BAF16D9B5D57}.Release|x64.Build.0 = Release|x64
		{CD0A00CE-79B6-4A5E-984D-BAF16D9B5D57}.Release|x86.ActiveCfg = Release|Win32
		{CD0A00CE-79B6-4A5E-984D-BAF16D9B5D57}.Release|x86.Build.0 = Release|Win32
		{FDE784BF-0F34-43FA-89BB-A72B51848CA8}.Debug|x64.ActiveCfg = Debug|x64
		{FDE784BF-0F34-43FA-89BB-A72B51848CA8}.Debug|x64.Build.0 = Debug|x64
		{FDE784BF-0F34-43FA-89BB-A72B51848CA8}.Debug|x86.ActiveCfg = Debug|Win32
		{FDE784BF-0F34-43FA-89BB-A72B51848CA8}.Debug|x86.Build.0 = Debug|Win32
		{FDE784BF-0F34-43FA-89BB-A72B51848CA8}.Release|x64.ActiveCfg = Release|x64
		{FDE784BF-0F34-43FA-89BB-A72B51848CA8}.Release|x64.Build.0 = Release|x64
		{FDE784BF-0F34-43FA-89BB-A72B51848CA8}.Release|x86.ActiveCfg = Release|Win32
		{FDE784BF-0F34-43FA-89BB-A72B51848CA8}.Release|x86.Build.0 = Release|Win32
		{0DC03EE8-66E0-4A0F-A991-9F5715152112}.Debug|x64.ActiveCfg = Debug|x64
		{0DC03EE8-66E0-4A0F-A991-9F5715152112}.Debug|x64.Build.0 = Debug|x64
		{0DC03EE8-66E0-4A0F-A991-9F5715152112}.Debug|x86.ActiveCfg = Debug|Win32
		{0DC03EE8-66E0-4A0F-A991-9F5715152112}.Debug|x86.Build.0 = Debug|Win32
		{0DC03EE8-66E0-4A0F-A991-9F5715152112}.Release|x64.ActiveCfg = Release|x64
		{0DC03EE8-66E0-4A0F-A991-9F5715152112}.Release|x64.Build.0 = Release|x64
		{0DC03EE8-66E0-4A0F-A991-9F5715152112}.Release|x86.ActiveCfg = Release|Win32
		{0DC03EE8-66E0-4A0F-A991-9F5715152112}.Release|x86.Build.0 = Release|Win32
	EndGlobalSection
	GlobalSection(SolutionProperties) = preSolution
		HideSolutionNode = FALSE
	EndGlobalSection
	GlobalSection(ExtensibilityGlobals) = postSolution
		SolutionGuid = {12D01EB2-F7F2-4105-9BE6-3CC7F79ABCDD}
	EndGlobalSection
EndGlobal
